
Microsoft Visual Studio Solution File, Format Version 12.00
# Visual Studio 15
Project("{FAE04EC0-301F-11D3-BF4B-00C04F79EFBC}") = "Assembly-CSharp", "Assembly-CSharp.csproj", "{A562726A-2647-9F8C-B211-3ACA1DBAAAFB}"
EndProject
Project("{FAE04EC0-301F-11D3-BF4B-00C04F79EFBC}") = "NewAssembly", "NewAssembly.csproj", "{6BE9C4F6-C236-A22C-55B9-7C11F4A6D978}"
EndProject
Project("{FAE04EC0-301F-11D3-BF4B-00C04F79EFBC}") = "Tests", "Tests.csproj", "{880DE900-AF04-9FC5-2B8A-6E9DBD2479E2}"
EndProject
Global
	GlobalSection(SolutionConfigurationPlatforms) = preSolution
		Debug|Any CPU = Debug|Any CPU
		Release|Any CPU = Release|Any CPU
	EndGlobalSection
	GlobalSection(ProjectConfigurationPlatforms) = postSolution
		{A562726A-2647-9F8C-B211-3ACA1DBAAAFB}.Debug|Any CPU.ActiveCfg = Debug|Any CPU
		{A562726A-2647-9F8C-B211-3ACA1DBAAAFB}.Debug|Any CPU.Build.0 = Debug|Any CPU
		{A562726A-2647-9F8C-B211-3ACA1DBAAAFB}.Release|Any CPU.ActiveCfg = Release|Any CPU
		{A562726A-2647-9F8C-B211-3ACA1DBAAAFB}.Release|Any CPU.Build.0 = Release|Any CPU
		{6BE9C4F6-C236-A22C-55B9-7C11F4A6D978}.Debug|Any CPU.ActiveCfg = Debug|Any CPU
		{6BE9C4F6-C236-A22C-55B9-7C11F4A6D978}.Debug|Any CPU.Build.0 = Debug|Any CPU
		{6BE9C4F6-C236-A22C-55B9-7C11F4A6D978}.Release|Any CPU.ActiveCfg = Release|Any CPU
		{6BE9C4F6-C236-A22C-55B9-7C11F4A6D978}.Release|Any CPU.Build.0 = Release|Any CPU
		{880DE900-AF04-9FC5-2B8A-6E9DBD2479E2}.Debug|Any CPU.ActiveCfg = Debug|Any CPU
		{880DE900-AF04-9FC5-2B8A-6E9DBD2479E2}.Debug|Any CPU.Build.0 = Debug|Any CPU
		{880DE900-AF04-9FC5-2B8A-6E9DBD2479E2}.Release|Any CPU.ActiveCfg = Release|Any CPU
		{880DE900-AF04-9FC5-2B8A-6E9DBD2479E2}.Release|Any CPU.Build.0 = Release|Any CPU
	EndGlobalSection
	GlobalSection(SolutionProperties) = preSolution
		HideSolutionNode = FALSE
	EndGlobalSection
EndGlobal
